
Microsoft Visual Studio Solution File, Format Version 12.00
# Visual Studio Version 16
VisualStudioVersion = 16.0.29613.14
MinimumVisualStudioVersion = 10.0.40219.1
Project("{9A19103F-16F7-4668-BE54-9A1E7A4F7556}") = "Snake", "Snake\Snake.csproj", "{C2C2E225-39C8-4032-A85A-92B2D6576C4C}"
EndProject
Project("{FAE04EC0-301F-11D3-BF4B-00C04F79EFBC}") = "Utils", "Utils\Utils.csproj", "{421F5B5C-AEAE-4AD2-9B6A-CB83439F527F}"
EndProject
Global
	GlobalSection(SolutionConfigurationPlatforms) = preSolution
		Debug|Any CPU = Debug|Any CPU
		Release|Any CPU = Release|Any CPU
	EndGlobalSection
	GlobalSection(ProjectConfigurationPlatforms) = postSolution
		{C2C2E225-39C8-4032-A85A-92B2D6576C4C}.Debug|Any CPU.ActiveCfg = Debug|Any CPU
		{C2C2E225-39C8-4032-A85A-92B2D6576C4C}.Debug|Any CPU.Build.0 = Debug|Any CPU
		{C2C2E225-39C8-4032-A85A-92B2D6576C4C}.Release|Any CPU.ActiveCfg = Release|Any CPU
		{C2C2E225-39C8-4032-A85A-92B2D6576C4C}.Release|Any CPU.Build.0 = Release|Any CPU
		{421F5B5C-AEAE-4AD2-9B6A-CB83439F527F}.Debug|Any CPU.ActiveCfg = Debug|Any CPU
		{421F5B5C-AEAE-4AD2-9B6A-CB83439F527F}.Debug|Any CPU.Build.0 = Debug|Any CPU
		{421F5B5C-AEAE-4AD2-9B6A-CB83439F527F}.Release|Any CPU.ActiveCfg = Release|Any CPU
		{421F5B5C-AEAE-4AD2-9B6A-CB83439F527F}.Release|Any CPU.Build.0 = Release|Any CPU
	EndGlobalSection
	GlobalSection(SolutionProperties) = preSolution
		HideSolutionNode = FALSE
	EndGlobalSection
	GlobalSection(ExtensibilityGlobals) = postSolution
		SolutionGuid = {DA09970D-8528-47C9-8B81-4972261A96DC}
	EndGlobalSection
EndGlobal
